// !$*UTF8*$!
{
	archiveVersion = 1;
	classes = {
	};
	objectVersion = 77;
	objects = {

/* Begin PBXBuildFile section */
		0EC12176F12280D3C2926066 /* SoundManager.swift in Sources */ = {isa = PBXBuildFile; fileRef = 900AF3CC51394D1C478C8F98 /* SoundManager.swift */; };
		26A5F5C89DE2AD5D3B14FCD9 /* Assets.xcassets in Resources */ = {isa = PBXBuildFile; fileRef = 420729F2CCFEC82B71587F21 /* Assets.xcassets */; };
		45EC049F129FE58164C7BCD7 /* WindDownView.swift in Sources */ = {isa = PBXBuildFile; fileRef = 096509B1173FB6FC199DFAFC /* WindDownView.swift */; };
		53DB46B85921C36182DB6371 /* Models.swift in Sources */ = {isa = PBXBuildFile; fileRef = EF703FF48FAC14F8081C8C18 /* Models.swift */; };
		59839B7985F6E5AF866AA1B3 /* ProbeYCoord.swift in Sources */ = {isa = PBXBuildFile; fileRef = 4D926AAB451B21A9D999575D /* ProbeYCoord.swift */; };
		8D9F8D5485A98AE5C2AED23A /* SettingsView.swift in Sources */ = {isa = PBXBuildFile; fileRef = 51703272C34A5719436BD680 /* SettingsView.swift */; };
		901880F1D562310E4D28A9D7 /* FocusView.swift in Sources */ = {isa = PBXBuildFile; fileRef = 3C6F40A94B0F1FE4E4337AD6 /* FocusView.swift */; };
		98003F8D27397FC862DB45E6 /* ContentView.swift in Sources */ = {isa = PBXBuildFile; fileRef = 752EEECAFD1F1B8D7BEC7AFF /* ContentView.swift */; };
		9C635D40309CE1723F055E35 /* TodayView.swift in Sources */ = {isa = PBXBuildFile; fileRef = 60164B0A6A736D13291B5DF5 /* TodayView.swift */; };
		A868E0025932A666DE29DAE7 /* InsightsView.swift in Sources */ = {isa = PBXBuildFile; fileRef = 0410E48B40AE94CD2716988C /* InsightsView.swift */; };
		BFA676B69C41D9B378F29C58 /* UstiaGoUITests.swift in Sources */ = {isa = PBXBuildFile; fileRef = D675F2244561DB22EAF9ADFE /* UstiaGoUITests.swift */; };
		D997797671BB3D06E4CC1765 /* ProbeTabs.swift in Sources */ = {isa = PBXBuildFile; fileRef = 8677A4F5FA83AA568E3944D7 /* ProbeTabs.swift */; };
		E7839D9C351F5EE9D341EBE8 /* Theme.swift in Sources */ = {isa = PBXBuildFile; fileRef = 4F9FAB1BC80B4141197F2280 /* Theme.swift */; };
		EC83CFD9D6372D06690C8506 /* AppState.swift in Sources */ = {isa = PBXBuildFile; fileRef = 52635FE204EE0800A785F72E /* AppState.swift */; };
		EEDD08086E8B85326E4595BE /* ProbeCoords.swift in Sources */ = {isa = PBXBuildFile; fileRef = 4F59EDEB14A556B90D78C922 /* ProbeCoords.swift */; };
		F4E1228E7E0F6CBC5A1E32AC /* UstiaApp.swift in Sources */ = {isa = PBXBuildFile; fileRef = 12B6E7C08D16D8887FD2DAFC /* UstiaApp.swift */; };
/* End PBXBuildFile section */

/* Begin PBXContainerItemProxy section */
		AD9CBB9EF74B9BEF54CFAFFB /* PBXContainerItemProxy */ = {
			isa = PBXContainerItemProxy;
			containerPortal = E926D69ADE27315FA32BD2A4 /* Project object */;
			proxyType = 1;
			remoteGlobalIDString = F928A817DE2D115D01181BA4;
			remoteInfo = UstiaGo;
		};
/* End PBXContainerItemProxy section */

/* Begin PBXFileReference section */
		0410E48B40AE94CD2716988C /* InsightsView.swift */ = {isa = PBXFileReference; lastKnownFileType = sourcecode.swift; path = InsightsView.swift; sourceTree = "<group>"; };
		096509B1173FB6FC199DFAFC /* WindDownView.swift */ = {isa = PBXFileReference; lastKnownFileType = sourcecode.swift; path = WindDownView.swift; sourceTree = "<group>"; };
		12B6E7C08D16D8887FD2DAFC /* UstiaApp.swift */ = {isa = PBXFileReference; lastKnownFileType = sourcecode.swift; path = UstiaApp.swift; sourceTree = "<group>"; };
		30A932D564EE8E46DB407BD8 /* UstiaGo.app */ = {isa = PBXFileReference; includeInIndex = 0; lastKnownFileType = wrapper.application; path = UstiaGo.app; sourceTree = BUILT_PRODUCTS_DIR; };
		3C6F40A94B0F1FE4E4337AD6 /* FocusView.swift */ = {isa = PBXFileReference; lastKnownFileType = sourcecode.swift; path = FocusView.swift; sourceTree = "<group>"; };
		420729F2CCFEC82B71587F21 /* Assets.xcassets */ = {isa = PBXFileReference; lastKnownFileType = folder.assetcatalog; path = Assets.xcassets; sourceTree = "<group>"; };
		4D926AAB451B21A9D999575D /* ProbeYCoord.swift */ = {isa = PBXFileReference; lastKnownFileType = sourcecode.swift; path = ProbeYCoord.swift; sourceTree = "<group>"; };
		4F59EDEB14A556B90D78C922 /* ProbeCoords.swift */ = {isa = PBXFileReference; lastKnownFileType = sourcecode.swift; path = ProbeCoords.swift; sourceTree = "<group>"; };
		4F9FAB1BC80B4141197F2280 /* Theme.swift */ = {isa = PBXFileReference; lastKnownFileType = sourcecode.swift; path = Theme.swift; sourceTree = "<group>"; };
		51703272C34A5719436BD680 /* SettingsView.swift */ = {isa = PBXFileReference; lastKnownFileType = sourcecode.swift; path = SettingsView.swift; sourceTree = "<group>"; };
		52635FE204EE0800A785F72E /* AppState.swift */ = {isa = PBXFileReference; lastKnownFileType = sourcecode.swift; path = AppState.swift; sourceTree = "<group>"; };
		54E81450696DDB711500CC12 /* UstiaGoUITests.xctest */ = {isa = PBXFileReference; includeInIndex = 0; lastKnownFileType = wrapper.cfbundle; path = UstiaGoUITests.xctest; sourceTree = BUILT_PRODUCTS_DIR; };
		60164B0A6A736D13291B5DF5 /* TodayView.swift */ = {isa = PBXFileReference; lastKnownFileType = sourcecode.swift; path = TodayView.swift; sourceTree = "<group>"; };
		752EEECAFD1F1B8D7BEC7AFF /* ContentView.swift */ = {isa = PBXFileReference; lastKnownFileType = sourcecode.swift; path = ContentView.swift; sourceTree = "<group>"; };
		8677A4F5FA83AA568E3944D7 /* ProbeTabs.swift */ = {isa = PBXFileReference; lastKnownFileType = sourcecode.swift; path = ProbeTabs.swift; sourceTree = "<group>"; };
		900AF3CC51394D1C478C8F98 /* SoundManager.swift */ = {isa = PBXFileReference; lastKnownFileType = sourcecode.swift; path = SoundManager.swift; sourceTree = "<group>"; };
		D675F2244561DB22EAF9ADFE /* UstiaGoUITests.swift */ = {isa = PBXFileReference; lastKnownFileType = sourcecode.swift; path = UstiaGoUITests.swift; sourceTree = "<group>"; };
		EF703FF48FAC14F8081C8C18 /* Models.swift */ = {isa = PBXFileReference; lastKnownFileType = sourcecode.swift; path = Models.swift; sourceTree = "<group>"; };
/* End PBXFileReference section */

/* Begin PBXGroup section */
		77C623498D3ED9D2487F6661 /* UstiaGoUITests */ = {
			isa = PBXGroup;
			children = (
				4F59EDEB14A556B90D78C922 /* ProbeCoords.swift */,
				8677A4F5FA83AA568E3944D7 /* ProbeTabs.swift */,
				4D926AAB451B21A9D999575D /* ProbeYCoord.swift */,
				D675F2244561DB22EAF9ADFE /* UstiaGoUITests.swift */,
			);
			path = UstiaGoUITests;
			sourceTree = "<group>";
		};
		A73562ED46FF9B5C1A54BDC1 /* UstiaGo */ = {
			isa = PBXGroup;
			children = (
				52635FE204EE0800A785F72E /* AppState.swift */,
				420729F2CCFEC82B71587F21 /* Assets.xcassets */,
				752EEECAFD1F1B8D7BEC7AFF /* ContentView.swift */,
				3C6F40A94B0F1FE4E4337AD6 /* FocusView.swift */,
				0410E48B40AE94CD2716988C /* InsightsView.swift */,
				EF703FF48FAC14F8081C8C18 /* Models.swift */,
				51703272C34A5719436BD680 /* SettingsView.swift */,
				900AF3CC51394D1C478C8F98 /* SoundManager.swift */,
				4F9FAB1BC80B4141197F2280 /* Theme.swift */,
				60164B0A6A736D13291B5DF5 /* TodayView.swift */,
				12B6E7C08D16D8887FD2DAFC /* UstiaApp.swift */,
				096509B1173FB6FC199DFAFC /* WindDownView.swift */,
			);
			path = UstiaGo;
			sourceTree = "<group>";
		};
		BCFDCAAEF11A2AD506CB595E /* Products */ = {
			isa = PBXGroup;
			children = (
				30A932D564EE8E46DB407BD8 /* UstiaGo.app */,
				54E81450696DDB711500CC12 /* UstiaGoUITests.xctest */,
			);
			name = Products;
			sourceTree = "<group>";
		};
		D68639FE9381A35F04719381 = {
			isa = PBXGroup;
			children = (
				A73562ED46FF9B5C1A54BDC1 /* UstiaGo */,
				77C623498D3ED9D2487F6661 /* UstiaGoUITests */,
				BCFDCAAEF11A2AD506CB595E /* Products */,
			);
			sourceTree = "<group>";
		};
/* End PBXGroup section */

/* Begin PBXNativeTarget section */
		CF70CE8E6AD6868FB5A8D189 /* UstiaGoUITests */ = {
			isa = PBXNativeTarget;
			buildConfigurationList = BBCB9873A904FFD48CE34AAC /* Build configuration list for PBXNativeTarget "UstiaGoUITests" */;
			buildPhases = (
				26294E1205DB5D42542954E1 /* Sources */,
			);
			buildRules = (
			);
			dependencies = (
				478B6FD1445F17F78752688F /* PBXTargetDependency */,
			);
			name = UstiaGoUITests;
			packageProductDependencies = (
			);
			productName = UstiaGoUITests;
			productReference = 54E81450696DDB711500CC12 /* UstiaGoUITests.xctest */;
			productType = "com.apple.product-type.bundle.ui-testing";
		};
		F928A817DE2D115D01181BA4 /* UstiaGo */ = {
			isa = PBXNativeTarget;
			buildConfigurationList = 00BC0F18A72082A8AE76FD9E /* Build configuration list for PBXNativeTarget "UstiaGo" */;
			buildPhases = (
				59F254BE75CAF574436E1D43 /* Sources */,
				D7F95FB08F1A4A2416461502 /* Resources */,
			);
			buildRules = (
			);
			dependencies = (
			);
			name = UstiaGo;
			packageProductDependencies = (
			);
			productName = UstiaGo;
			productReference = 30A932D564EE8E46DB407BD8 /* UstiaGo.app */;
			productType = "com.apple.product-type.application";
		};
/* End PBXNativeTarget section */

/* Begin PBXProject section */
		E926D69ADE27315FA32BD2A4 /* Project object */ = {
			isa = PBXProject;
			attributes = {
				BuildIndependentTargetsInParallel = YES;
				LastUpgradeCheck = 1500;
				TargetAttributes = {
					CF70CE8E6AD6868FB5A8D189 = {
						DevelopmentTeam = "";
						ProvisioningStyle = Manual;
						TestTargetID = F928A817DE2D115D01181BA4;
					};
					F928A817DE2D115D01181BA4 = {
						DevelopmentTeam = "";
						ProvisioningStyle = Manual;
					};
				};
			};
			buildConfigurationList = 8D04067347BCD1C00C310E8D /* Build configuration list for PBXProject "UstiaGo" */;
			developmentRegion = en;
			hasScannedForEncodings = 0;
			knownRegions = (
				Base,
				en,
			);
			mainGroup = D68639FE9381A35F04719381;
			minimizedProjectReferenceProxies = 1;
			preferredProjectObjectVersion = 77;
			productRefGroup = BCFDCAAEF11A2AD506CB595E /* Products */;
			projectDirPath = "";
			projectRoot = "";
			targets = (
				F928A817DE2D115D01181BA4 /* UstiaGo */,
				CF70CE8E6AD6868FB5A8D189 /* UstiaGoUITests */,
			);
		};
/* End PBXProject section */

/* Begin PBXResourcesBuildPhase section */
		D7F95FB08F1A4A2416461502 /* Resources */ = {
			isa = PBXResourcesBuildPhase;
			buildActionMask = 2147483647;
			files = (
				26A5F5C89DE2AD5D3B14FCD9 /* Assets.xcassets in Resources */,
			);
			runOnlyForDeploymentPostprocessing = 0;
		};
/* End PBXResourcesBuildPhase section */

/* Begin PBXSourcesBuildPhase section */
		26294E1205DB5D42542954E1 /* Sources */ = {
			isa = PBXSourcesBuildPhase;
			buildActionMask = 2147483647;
			files = (
				EEDD08086E8B85326E4595BE /* ProbeCoords.swift in Sources */,
				D997797671BB3D06E4CC1765 /* ProbeTabs.swift in Sources */,
				59839B7985F6E5AF866AA1B3 /* ProbeYCoord.swift in Sources */,
				BFA676B69C41D9B378F29C58 /* UstiaGoUITests.swift in Sources */,
			);
			runOnlyForDeploymentPostprocessing = 0;
		};
		59F254BE75CAF574436E1D43 /* Sources */ = {
			isa = PBXSourcesBuildPhase;
			buildActionMask = 2147483647;
			files = (
				EC83CFD9D6372D06690C8506 /* AppState.swift in Sources */,
				98003F8D27397FC862DB45E6 /* ContentView.swift in Sources */,
				901880F1D562310E4D28A9D7 /* FocusView.swift in Sources */,
				A868E0025932A666DE29DAE7 /* InsightsView.swift in Sources */,
				53DB46B85921C36182DB6371 /* Models.swift in Sources */,
				8D9F8D5485A98AE5C2AED23A /* SettingsView.swift in Sources */,
				0EC12176F12280D3C2926066 /* SoundManager.swift in Sources */,
				E7839D9C351F5EE9D341EBE8 /* Theme.swift in Sources */,
				9C635D40309CE1723F055E35 /* TodayView.swift in Sources */,
				F4E1228E7E0F6CBC5A1E32AC /* UstiaApp.swift in Sources */,
				45EC049F129FE58164C7BCD7 /* WindDownView.swift in Sources */,
			);
			runOnlyForDeploymentPostprocessing = 0;
		};
/* End PBXSourcesBuildPhase section */

/* Begin PBXTargetDependency section */
		478B6FD1445F17F78752688F /* PBXTargetDependency */ = {
			isa = PBXTargetDependency;
			target = F928A817DE2D115D01181BA4 /* UstiaGo */;
			targetProxy = AD9CBB9EF74B9BEF54CFAFFB /* PBXContainerItemProxy */;
		};
/* End PBXTargetDependency section */

/* Begin XCBuildConfiguration section */
		31BB2B741D91C5BDD4C0FD61 /* Release */ = {
			isa = XCBuildConfiguration;
			buildSettings = {
				BUNDLE_LOADER = "$(TEST_HOST)";
				CODE_SIGN_IDENTITY = "iPhone Distribution: ZhiFeng Sun (9L6N2ZF26B)";
				CODE_SIGN_STYLE = Manual;
				GENERATE_INFOPLIST_FILE = YES;
				INFOPLIST_KEY_UIApplicationSceneManifest_Generation = YES;
				INFOPLIST_KEY_UIApplicationSupportsIndirectEvents = YES;
				INFOPLIST_KEY_UILaunchScreen_Generation = YES;
				INFOPLIST_KEY_UISupportedInterfaceOrientations_iPad = "UIInterfaceOrientationPortrait UIInterfaceOrientationPortraitUpsideDown UIInterfaceOrientationLandscapeLeft UIInterfaceOrientationLandscapeRight";
				INFOPLIST_KEY_UISupportedInterfaceOrientations_iPhone = "UIInterfaceOrientationPortrait UIInterfaceOrientationLandscapeLeft UIInterfaceOrientationLandscapeRight";
				LD_RUNPATH_SEARCH_PATHS = (
					"$(inherited)",
					"@executable_path/Frameworks",
					"@loader_path/Frameworks",
				);
				PRODUCT_BUNDLE_IDENTIFIER = com.ggsheng.UstiaGo.UITests;
				PROVISIONING_PROFILE_SPECIFIER = "UstiaGo App Store";
				SDKROOT = iphoneos;
				TARGETED_DEVICE_FAMILY = "1,2";
				TEST_TARGET_NAME = UstiaGo;
			};
			name = Release;
		};
		51A26B3AE452AFCF2D71A2E8 /* Debug */ = {
			isa = XCBuildConfiguration;
			buildSettings = {
				ALWAYS_SEARCH_USER_PATHS = NO;
				CLANG_ANALYZER_NONNULL = YES;
				CLANG_ANALYZER_NUMBER_OBJECT_CONVERSION = YES_AGGRESSIVE;
				CLANG_CXX_LANGUAGE_STANDARD = "gnu++14";
				CLANG_CXX_LIBRARY = "libc++";
				CLANG_ENABLE_MODULES = YES;
				CLANG_ENABLE_OBJC_ARC = YES;
				CLANG_ENABLE_OBJC_WEAK = YES;
				CLANG_WARN_BLOCK_CAPTURE_AUTORELEASING = YES;
				CLANG_WARN_BOOL_CONVERSION = YES;
				CLANG_WARN_COMMA = YES;
				CLANG_WARN_CONSTANT_CONVERSION = YES;
				CLANG_WARN_DEPRECATED_OBJC_IMPLEMENTATIONS = YES;
				CLANG_WARN_DIRECT_OBJC_ISA_USAGE = YES_ERROR;
				CLANG_WARN_DOCUMENTATION_COMMENTS = YES;
				CLANG_WARN_EMPTY_BODY = YES;
				CLANG_WARN_ENUM_CONVERSION = YES;
				CLANG_WARN_INFINITE_RECURSION = YES;
				CLANG_WARN_INT_CONVERSION = YES;
				CLANG_WARN_NON_LITERAL_NULL_CONVERSION = YES;
				CLANG_WARN_OBJC_IMPLICIT_RETAIN_SELF = YES;
				CLANG_WARN_OBJC_LITERAL_CONVERSION = YES;
				CLANG_WARN_OBJC_ROOT_CLASS = YES_ERROR;
				CLANG_WARN_QUOTED_INCLUDE_IN_FRAMEWORK_HEADER = YES;
				CLANG_WARN_RANGE_LOOP_ANALYSIS = YES;
				CLANG_WARN_STRICT_PROTOTYPES = YES;
				CLANG_WARN_SUSPICIOUS_MOVE = YES;
				CLANG_WARN_UNGUARDED_AVAILABILITY = YES_AGGRESSIVE;
				CLANG_WARN_UNREACHABLE_CODE = YES;
				CLANG_WARN__DUPLICATE_METHOD_MATCH = YES;
				CODE_SIGN_IDENTITY = "iPhone Distribution: ZhiFeng Sun (9L6N2ZF26B)";
				CODE_SIGN_STYLE = Manual;
				COPY_PHASE_STRIP = NO;
				CURRENT_PROJECT_VERSION = 1;
				DEBUG_INFORMATION_FORMAT = dwarf;
				DEVELOPMENT_TEAM = "";
				ENABLE_STRICT_OBJC_MSGSEND = YES;
				ENABLE_TESTABILITY = YES;
				ENABLE_USER_SCRIPT_SANDBOXING = NO;
				GCC_C_LANGUAGE_STANDARD = gnu11;
				GCC_DYNAMIC_NO_PIC = NO;
				GCC_NO_COMMON_BLOCKS = YES;
				GCC_OPTIMIZATION_LEVEL = 0;
				GCC_PREPROCESSOR_DEFINITIONS = (
					"$(inherited)",
					"DEBUG=1",
				);
				GCC_WARN_64_TO_32_BIT_CONVERSION = YES;
				GCC_WARN_ABOUT_RETURN_TYPE = YES_ERROR;
				GCC_WARN_UNDECLARED_SELECTOR = YES;
				GCC_WARN_UNINITIALIZED_AUTOS = YES_AGGRESSIVE;
				GCC_WARN_UNUSED_FUNCTION = YES;
				GCC_WARN_UNUSED_VARIABLE = YES;
				IPHONEOS_DEPLOYMENT_TARGET = 17.0;
				MARKETING_VERSION = 1.0.0;
				MTL_ENABLE_DEBUG_INFO = INCLUDE_SOURCE;
				MTL_FAST_MATH = YES;
				ONLY_ACTIVE_ARCH = YES;
				PRODUCT_NAME = "$(TARGET_NAME)";
				PROVISIONING_PROFILE_SPECIFIER = "UstiaGo App Store";
				SDKROOT = iphoneos;
				SWIFT_ACTIVE_COMPILATION_CONDITIONS = DEBUG;
				SWIFT_OPTIMIZATION_LEVEL = "-Onone";
				SWIFT_VERSION = 5.9;
			};
			name = Debug;
		};
		724A198A6979733E30A0AE67 /* Release */ = {
			isa = XCBuildConfiguration;
			buildSettings = {
				ALWAYS_SEARCH_USER_PATHS = NO;
				CLANG_ANALYZER_NONNULL = YES;
				CLANG_ANALYZER_NUMBER_OBJECT_CONVERSION = YES_AGGRESSIVE;
				CLANG_CXX_LANGUAGE_STANDARD = "gnu++14";
				CLANG_CXX_LIBRARY = "libc++";
				CLANG_ENABLE_MODULES = YES;
				CLANG_ENABLE_OBJC_ARC = YES;
				CLANG_ENABLE_OBJC_WEAK = YES;
				CLANG_WARN_BLOCK_CAPTURE_AUTORELEASING = YES;
				CLANG_WARN_BOOL_CONVERSION = YES;
				CLANG_WARN_COMMA = YES;
				CLANG_WARN_CONSTANT_CONVERSION = YES;
				CLANG_WARN_DEPRECATED_OBJC_IMPLEMENTATIONS = YES;
				CLANG_WARN_DIRECT_OBJC_ISA_USAGE = YES_ERROR;
				CLANG_WARN_DOCUMENTATION_COMMENTS = YES;
				CLANG_WARN_EMPTY_BODY = YES;
				CLANG_WARN_ENUM_CONVERSION = YES;
				CLANG_WARN_INFINITE_RECURSION = YES;
				CLANG_WARN_INT_CONVERSION = YES;
				CLANG_WARN_NON_LITERAL_NULL_CONVERSION = YES;
				CLANG_WARN_OBJC_IMPLICIT_RETAIN_SELF = YES;
				CLANG_WARN_OBJC_LITERAL_CONVERSION = YES;
				CLANG_WARN_OBJC_ROOT_CLASS = YES_ERROR;
				CLANG_WARN_QUOTED_INCLUDE_IN_FRAMEWORK_HEADER = YES;
				CLANG_WARN_RANGE_LOOP_ANALYSIS = YES;
				CLANG_WARN_STRICT_PROTOTYPES = YES;
				CLANG_WARN_SUSPICIOUS_MOVE = YES;
				CLANG_WARN_UNGUARDED_AVAILABILITY = YES_AGGRESSIVE;
				CLANG_WARN_UNREACHABLE_CODE = YES;
				CLANG_WARN__DUPLICATE_METHOD_MATCH = YES;
				CODE_SIGN_IDENTITY = "iPhone Distribution: ZhiFeng Sun (9L6N2ZF26B)";
				CODE_SIGN_STYLE = Manual;
				COPY_PHASE_STRIP = NO;
				CURRENT_PROJECT_VERSION = 1;
				DEBUG_INFORMATION_FORMAT = "dwarf-with-dsym";
				DEVELOPMENT_TEAM = "";
				ENABLE_NS_ASSERTIONS = NO;
				ENABLE_STRICT_OBJC_MSGSEND = YES;
				ENABLE_USER_SCRIPT_SANDBOXING = NO;
				GCC_C_LANGUAGE_STANDARD = gnu11;
				GCC_NO_COMMON_BLOCKS = YES;
				GCC_WARN_64_TO_32_BIT_CONVERSION = YES;
				GCC_WARN_ABOUT_RETURN_TYPE = YES_ERROR;
				GCC_WARN_UNDECLARED_SELECTOR = YES;
				GCC_WARN_UNINITIALIZED_AUTOS = YES_AGGRESSIVE;
				GCC_WARN_UNUSED_FUNCTION = YES;
				GCC_WARN_UNUSED_VARIABLE = YES;
				IPHONEOS_DEPLOYMENT_TARGET = 17.0;
				MARKETING_VERSION = 1.0.0;
				MTL_ENABLE_DEBUG_INFO = NO;
				MTL_FAST_MATH = YES;
				PRODUCT_NAME = "$(TARGET_NAME)";
				PROVISIONING_PROFILE_SPECIFIER = "UstiaGo App Store";
				SDKROOT = iphoneos;
				SWIFT_COMPILATION_MODE = wholemodule;
				SWIFT_OPTIMIZATION_LEVEL = "-O";
				SWIFT_VERSION = 5.9;
			};
			name = Release;
		};
		7B13B0B386761EF82ED9D8EA /* Release */ = {
			isa = XCBuildConfiguration;
			buildSettings = {
				ASSETCATALOG_COMPILER_APPICON_NAME = AppIcon;
				ASSETCATALOG_COMPILER_GLOBAL_ACCENT_COLOR_NAME = AccentColor;
				CODE_SIGN_ENTITLEMENTS = UstiaGo/UstiaGo.entitlements;
				CODE_SIGN_IDENTITY = "iPhone Distribution: ZhiFeng Sun (9L6N2ZF26B)";
				CODE_SIGN_STYLE = Manual;
				INFOPLIST_FILE = UstiaGo/Info.plist;
				LD_RUNPATH_SEARCH_PATHS = "$(inherited) @executable_path/Frameworks";
				PRODUCT_BUNDLE_IDENTIFIER = com.ggsheng.UstiaGo;
				PROVISIONING_PROFILE_SPECIFIER = "UstiaGo App Store";
				SDKROOT = iphoneos;
				SUPPORTS_XR_DESIGNED_FOR_IPHONE_IPAD = NO;
				SWIFT_EMIT_LOC_STRINGS = YES;
				TARGETED_DEVICE_FAMILY = "1,2";
			};
			name = Release;
		};
		93E0355B515C533191291BFF /* Debug */ = {
			isa = XCBuildConfiguration;
			buildSettings = {
				ASSETCATALOG_COMPILER_APPICON_NAME = AppIcon;
				ASSETCATALOG_COMPILER_GLOBAL_ACCENT_COLOR_NAME = AccentColor;
				CODE_SIGN_ENTITLEMENTS = UstiaGo/UstiaGo.entitlements;
				CODE_SIGN_IDENTITY = "iPhone Distribution: ZhiFeng Sun (9L6N2ZF26B)";
				CODE_SIGN_STYLE = Manual;
				INFOPLIST_FILE = UstiaGo/Info.plist;
				LD_RUNPATH_SEARCH_PATHS = "$(inherited) @executable_path/Frameworks";
				PRODUCT_BUNDLE_IDENTIFIER = com.ggsheng.UstiaGo;
				PROVISIONING_PROFILE_SPECIFIER = "UstiaGo App Store";
				SDKROOT = iphoneos;
				SUPPORTS_XR_DESIGNED_FOR_IPHONE_IPAD = NO;
				SWIFT_EMIT_LOC_STRINGS = YES;
				TARGETED_DEVICE_FAMILY = "1,2";
			};
			name = Debug;
		};
		FC6B1CDC4397B9EB376DB445 /* Debug */ = {
			isa = XCBuildConfiguration;
			buildSettings = {
				BUNDLE_LOADER = "$(TEST_HOST)";
				CODE_SIGN_IDENTITY = "iPhone Distribution: ZhiFeng Sun (9L6N2ZF26B)";
				CODE_SIGN_STYLE = Manual;
				GENERATE_INFOPLIST_FILE = YES;
				INFOPLIST_KEY_UIApplicationSceneManifest_Generation = YES;
				INFOPLIST_KEY_UIApplicationSupportsIndirectEvents = YES;
				INFOPLIST_KEY_UILaunchScreen_Generation = YES;
				INFOPLIST_KEY_UISupportedInterfaceOrientations_iPad = "UIInterfaceOrientationPortrait UIInterfaceOrientationPortraitUpsideDown UIInterfaceOrientationLandscapeLeft UIInterfaceOrientationLandscapeRight";
				INFOPLIST_KEY_UISupportedInterfaceOrientations_iPhone = "UIInterfaceOrientationPortrait UIInterfaceOrientationLandscapeLeft UIInterfaceOrientationLandscapeRight";
				LD_RUNPATH_SEARCH_PATHS = (
					"$(inherited)",
					"@executable_path/Frameworks",
					"@loader_path/Frameworks",
				);
				PRODUCT_BUNDLE_IDENTIFIER = com.ggsheng.UstiaGo.UITests;
				PROVISIONING_PROFILE_SPECIFIER = "UstiaGo App Store";
				SDKROOT = iphoneos;
				TARGETED_DEVICE_FAMILY = "1,2";
				TEST_TARGET_NAME = UstiaGo;
			};
			name = Debug;
		};
/* End XCBuildConfiguration section */

/* Begin XCConfigurationList section */
		00BC0F18A72082A8AE76FD9E /* Build configuration list for PBXNativeTarget "UstiaGo" */ = {
			isa = XCConfigurationList;
			buildConfigurations = (
				93E0355B515C533191291BFF /* Debug */,
				7B13B0B386761EF82ED9D8EA /* Release */,
			);
			defaultConfigurationIsVisible = 0;
			defaultConfigurationName = Debug;
		};
		8D04067347BCD1C00C310E8D /* Build configuration list for PBXProject "UstiaGo" */ = {
			isa = XCConfigurationList;
			buildConfigurations = (
				51A26B3AE452AFCF2D71A2E8 /* Debug */,
				724A198A6979733E30A0AE67 /* Release */,
			);
			defaultConfigurationIsVisible = 0;
			defaultConfigurationName = Debug;
		};
		BBCB9873A904FFD48CE34AAC /* Build configuration list for PBXNativeTarget "UstiaGoUITests" */ = {
			isa = XCConfigurationList;
			buildConfigurations = (
				FC6B1CDC4397B9EB376DB445 /* Debug */,
				31BB2B741D91C5BDD4C0FD61 /* Release */,
			);
			defaultConfigurationIsVisible = 0;
			defaultConfigurationName = Debug;
		};
/* End XCConfigurationList section */
	};
	rootObject = E926D69ADE27315FA32BD2A4 /* Project object */;
}
